<?xml version="1.0" encoding="utf-8"?>
<Project ToolsVersion="4.0" xmlns="http://schemas.microsoft.com/developer/msbuild/2003">
  <ItemGroup>
    <Filter Include="main">
      <UniqueIdentifier>{cb708e4f-85ca-4fb2-b6eb-946c1dcd7060}</UniqueIdentifier>
    </Filter>
    <Filter Include="entity">
      <UniqueIdentifier>{90f00629-12f3-427c-b66a-0b78cdd3a56d}</UniqueIdentifier>
    </Filter>
  </ItemGroup>
  <ItemGroup>
    <ClCompile Include="main.cpp">
      <Filter>main</Filter>
    </ClCompile>
  </ItemGroup>
  <ItemGroup>
    <ClInclude Include="entity.h">
      <Filter>entity</Filter>
    </ClInclude>
    <ClInclude Include="library.h">
      <Filter>entity</Filter>
    </ClInclude>
  </ItemGroup>
</Project>